
Microsoft Visual Studio Solution File, Format Version 12.00
# Visual Studio Version 17
VisualStudioVersion = 17.1.32407.343
MinimumVisualStudioVersion = 10.0.40219.1
Project("{E53339B2-1760-4266-BCC7-CA923CBCF16C}") = "docker-compose", "docker-compose.dcproj", "{FFB35707-2A32-4806-B503-0BF19FFBBE77}"
EndProject
Project("{9A19103F-16F7-4668-BE54-9A1E7A4F7556}") = "Renderer", "Renderer\Renderer.csproj", "{62D5BBFD-CAEC-402C-97B0-5214D7FA4215}"
EndProject
Project("{FAE04EC0-301F-11D3-BF4B-00C04F79EFBC}") = "SitefinityWebApp", "SitefinityWebApp\SitefinityWebApp.csproj", "{3E598CFC-83B2-494A-A97F-32EB24D797C6}"
EndProject
Global
	GlobalSection(SolutionConfigurationPlatforms) = preSolution
		Debug|Any CPU = Debug|Any CPU
		Release Pro|Any CPU = Release Pro|Any CPU
		Release|Any CPU = Release|Any CPU
	EndGlobalSection
	GlobalSection(ProjectConfigurationPlatforms) = postSolution
		{FFB35707-2A32-4806-B503-0BF19FFBBE77}.Debug|Any CPU.ActiveCfg = Debug|Any CPU
		{FFB35707-2A32-4806-B503-0BF19FFBBE77}.Debug|Any CPU.Build.0 = Debug|Any CPU
		{FFB35707-2A32-4806-B503-0BF19FFBBE77}.Release Pro|Any CPU.ActiveCfg = Release|Any CPU
		{FFB35707-2A32-4806-B503-0BF19FFBBE77}.Release Pro|Any CPU.Build.0 = Release|Any CPU
		{FFB35707-2A32-4806-B503-0BF19FFBBE77}.Release|Any CPU.ActiveCfg = Release|Any CPU
		{FFB35707-2A32-4806-B503-0BF19FFBBE77}.Release|Any CPU.Build.0 = Release|Any CPU
		{62D5BBFD-CAEC-402C-97B0-5214D7FA4215}.Debug|Any CPU.ActiveCfg = Debug|Any CPU
		{62D5BBFD-CAEC-402C-97B0-5214D7FA4215}.Debug|Any CPU.Build.0 = Debug|Any CPU
		{62D5BBFD-CAEC-402C-97B0-5214D7FA4215}.Release Pro|Any CPU.ActiveCfg = Release|Any CPU
		{62D5BBFD-CAEC-402C-97B0-5214D7FA4215}.Release Pro|Any CPU.Build.0 = Release|Any CPU
		{62D5BBFD-CAEC-402C-97B0-5214D7FA4215}.Release|Any CPU.ActiveCfg = Release|Any CPU
		{62D5BBFD-CAEC-402C-97B0-5214D7FA4215}.Release|Any CPU.Build.0 = Release|Any CPU
		{3E598CFC-83B2-494A-A97F-32EB24D797C6}.Debug|Any CPU.ActiveCfg = Debug|Any CPU
		{3E598CFC-83B2-494A-A97F-32EB24D797C6}.Debug|Any CPU.Build.0 = Debug|Any CPU
		{3E598CFC-83B2-494A-A97F-32EB24D797C6}.Release Pro|Any CPU.ActiveCfg = Release Pro|Any CPU
		{3E598CFC-83B2-494A-A97F-32EB24D797C6}.Release Pro|Any CPU.Build.0 = Release Pro|Any CPU
		{3E598CFC-83B2-494A-A97F-32EB24D797C6}.Release|Any CPU.ActiveCfg = Release|Any CPU
		{3E598CFC-83B2-494A-A97F-32EB24D797C6}.Release|Any CPU.Build.0 = Release|Any CPU
	EndGlobalSection
	GlobalSection(SolutionProperties) = preSolution
		HideSolutionNode = FALSE
	EndGlobalSection
	GlobalSection(ExtensibilityGlobals) = postSolution
		SolutionGuid = {B1830531-267D-4ED6-863E-E30E8FFDE614}
	EndGlobalSection
EndGlobal
